
Microsoft Visual Studio Solution File, Format Version 12.00
# Visual Studio Version 17
VisualStudioVersion = 17.13.35825.156
MinimumVisualStudioVersion = 10.0.40219.1
Project("{FAE04EC0-301F-11D3-BF4B-00C04F79EFBC}") = "Jewelery Shop Project", "Jewelery Shop Project\Jewelery Shop Project.csproj", "{58585A8D-BFFF-4856-837D-F9763FA9102B}"
EndProject
Project("{FAE04EC0-301F-11D3-BF4B-00C04F79EFBC}") = "DATABASE_WORKER", "..\DATABASE_WORKER\DATABASE_WORKER\DATABASE_WORKER.csproj", "{42AECC18-4FF2-4540-8B4A-D732CDB00158}"
EndProject
Global
	GlobalSection(SolutionConfigurationPlatforms) = preSolution
		Debug|Any CPU = Debug|Any CPU
		Release|Any CPU = Release|Any CPU
	EndGlobalSection
	GlobalSection(ProjectConfigurationPlatforms) = postSolution
		{58585A8D-BFFF-4856-837D-F9763FA9102B}.Debug|Any CPU.ActiveCfg = Debug|Any CPU
		{58585A8D-BFFF-4856-837D-F9763FA9102B}.Debug|Any CPU.Build.0 = Debug|Any CPU
		{58585A8D-BFFF-4856-837D-F9763FA9102B}.Release|Any CPU.ActiveCfg = Release|Any CPU
		{58585A8D-BFFF-4856-837D-F9763FA9102B}.Release|Any CPU.Build.0 = Release|Any CPU
		{42AECC18-4FF2-4540-8B4A-D732CDB00158}.Debug|Any CPU.ActiveCfg = Debug|Any CPU
		{42AECC18-4FF2-4540-8B4A-D732CDB00158}.Debug|Any CPU.Build.0 = Debug|Any CPU
		{42AECC18-4FF2-4540-8B4A-D732CDB00158}.Release|Any CPU.ActiveCfg = Release|Any CPU
		{42AECC18-4FF2-4540-8B4A-D732CDB00158}.Release|Any CPU.Build.0 = Release|Any CPU
	EndGlobalSection
	GlobalSection(SolutionProperties) = preSolution
		HideSolutionNode = FALSE
	EndGlobalSection
	GlobalSection(ExtensibilityGlobals) = postSolution
		SolutionGuid = {19F80BF5-756D-4FBF-A2BA-91D5E60BB707}
	EndGlobalSection
EndGlobal
